
Microsoft Visual Studio Solution File, Format Version 12.00
# Visual Studio Version 17
VisualStudioVersion = 17.7.34202.233
MinimumVisualStudioVersion = 10.0.40219.1
Project("{FAE04EC0-301F-11D3-BF4B-00C04F79EFBC}") = "PublisherConsole", "PublisherConsole\PublisherConsole.csproj", "{36683D51-D620-408A-90B8-736EF9678A27}"
EndProject
Project("{FAE04EC0-301F-11D3-BF4B-00C04F79EFBC}") = "PublisherDomain", "PublisherDomain\PublisherDomain.csproj", "{B41A45E8-8B54-465C-89FA-F8D5F40D63C7}"
EndProject
Project("{FAE04EC0-301F-11D3-BF4B-00C04F79EFBC}") = "PublisherData", "PublisherData\PublisherData.csproj", "{7A87BEE3-BC08-43EB-9176-DCBC752E9243}"
EndProject
Global
	GlobalSection(SolutionConfigurationPlatforms) = preSolution
		Debug|Any CPU = Debug|Any CPU
		Release|Any CPU = Release|Any CPU
	EndGlobalSection
	GlobalSection(ProjectConfigurationPlatforms) = postSolution
		{36683D51-D620-408A-90B8-736EF9678A27}.Debug|Any CPU.ActiveCfg = Debug|Any CPU
		{36683D51-D620-408A-90B8-736EF9678A27}.Debug|Any CPU.Build.0 = Debug|Any CPU
		{36683D51-D620-408A-90B8-736EF9678A27}.Release|Any CPU.ActiveCfg = Release|Any CPU
		{36683D51-D620-408A-90B8-736EF9678A27}.Release|Any CPU.Build.0 = Release|Any CPU
		{B41A45E8-8B54-465C-89FA-F8D5F40D63C7}.Debug|Any CPU.ActiveCfg = Debug|Any CPU
		{B41A45E8-8B54-465C-89FA-F8D5F40D63C7}.Debug|Any CPU.Build.0 = Debug|Any CPU
		{B41A45E8-8B54-465C-89FA-F8D5F40D63C7}.Release|Any CPU.ActiveCfg = Release|Any CPU
		{B41A45E8-8B54-465C-89FA-F8D5F40D63C7}.Release|Any CPU.Build.0 = Release|Any CPU
		{7A87BEE3-BC08-43EB-9176-DCBC752E9243}.Debug|Any CPU.ActiveCfg = Debug|Any CPU
		{7A87BEE3-BC08-43EB-9176-DCBC752E9243}.Debug|Any CPU.Build.0 = Debug|Any CPU
		{7A87BEE3-BC08-43EB-9176-DCBC752E9243}.Release|Any CPU.ActiveCfg = Release|Any CPU
		{7A87BEE3-BC08-43EB-9176-DCBC752E9243}.Release|Any CPU.Build.0 = Release|Any CPU
	EndGlobalSection
	GlobalSection(SolutionProperties) = preSolution
		HideSolutionNode = FALSE
	EndGlobalSection
	GlobalSection(ExtensibilityGlobals) = postSolution
		SolutionGuid = {F5FEE96C-3DD3-412D-87D4-8937AAF547E3}
	EndGlobalSection
EndGlobal
